
Microsoft Visual Studio Solution File, Format Version 12.00
# Visual Studio Version 16
VisualStudioVersion = 16.0.31105.61
MinimumVisualStudioVersion = 10.0.40219.1
Project("{9A19103F-16F7-4668-BE54-9A1E7A4F7556}") = "Noodleator", "Noodleator.csproj", "{7AA2949D-1948-4864-97F2-0B14DEF0BA7B}"
EndProject
Global
	GlobalSection(SolutionConfigurationPlatforms) = preSolution
		Debug|Any CPU = Debug|Any CPU
		Release|Any CPU = Release|Any CPU
	EndGlobalSection
	GlobalSection(ProjectConfigurationPlatforms) = postSolution
		{7AA2949D-1948-4864-97F2-0B14DEF0BA7B}.Debug|Any CPU.ActiveCfg = Debug|Any CPU
		{7AA2949D-1948-4864-97F2-0B14DEF0BA7B}.Debug|Any CPU.Build.0 = Debug|Any CPU
		{7AA2949D-1948-4864-97F2-0B14DEF0BA7B}.Release|Any CPU.ActiveCfg = Release|Any CPU
		{7AA2949D-1948-4864-97F2-0B14DEF0BA7B}.Release|Any CPU.Build.0 = Release|Any CPU
	EndGlobalSection
	GlobalSection(SolutionProperties) = preSolution
		HideSolutionNode = FALSE
	EndGlobalSection
	GlobalSection(ExtensibilityGlobals) = postSolution
		SolutionGuid = {F410E958-C3E5-4C61-BB0E-A57A29D5385E}
	EndGlobalSection
EndGlobal
